
Microsoft Visual Studio Solution File, Format Version 12.00
# Visual Studio Version 16
VisualStudioVersion = 16.0.32901.82
MinimumVisualStudioVersion = 10.0.40219.1
Project("{FAE04EC0-301F-11D3-BF4B-00C04F79EFBC}") = "FoodOrdering", "FoodOrdering\FoodOrdering.csproj", "{81DF775A-6477-48D5-A64E-F1288FB14469}"
EndProject
Global
	GlobalSection(SolutionConfigurationPlatforms) = preSolution
		Debug|Any CPU = Debug|Any CPU
		Release|Any CPU = Release|Any CPU
	EndGlobalSection
	GlobalSection(ProjectConfigurationPlatforms) = postSolution
		{81DF775A-6477-48D5-A64E-F1288FB14469}.Debug|Any CPU.ActiveCfg = Debug|Any CPU
		{81DF775A-6477-48D5-A64E-F1288FB14469}.Debug|Any CPU.Build.0 = Debug|Any CPU
		{81DF775A-6477-48D5-A64E-F1288FB14469}.Release|Any CPU.ActiveCfg = Release|Any CPU
		{81DF775A-6477-48D5-A64E-F1288FB14469}.Release|Any CPU.Build.0 = Release|Any CPU
	EndGlobalSection
	GlobalSection(SolutionProperties) = preSolution
		HideSolutionNode = FALSE
	EndGlobalSection
	GlobalSection(ExtensibilityGlobals) = postSolution
		SolutionGuid = {38D92DB5-4F51-4B9E-86CB-AA1C274CFBFA}
	EndGlobalSection
EndGlobal
